// !$*UTF8*$!
{
	archiveVersion = 1;
	classes = {
	};
	objectVersion = 55;
	objects = {

/* Begin PBXBuildFile section */
		6F31AC6A2836E653006B3C21 /* weather.swift in Sources */ = {isa = PBXBuildFile; fileRef = 6F31AC692836E653006B3C21 /* weather.swift */; };
		6F3C29922836DB2A00193D39 /* weatherAppApp.swift in Sources */ = {isa = PBXBuildFile; fileRef = 6F3C29912836DB2A00193D39 /* weatherAppApp.swift */; };
		6F3C29942836DB2A00193D39 /* ContentView.swift in Sources */ = {isa = PBXBuildFile; fileRef = 6F3C29932836DB2A00193D39 /* ContentView.swift */; };
		6F3C29962836DB2A00193D39 /* Assets.xcassets in Resources */ = {isa = PBXBuildFile; fileRef = 6F3C29952836DB2A00193D39 /* Assets.xcassets */; };
		6F3C29992836DB2A00193D39 /* Preview Assets.xcassets in Resources */ = {isa = PBXBuildFile; fileRef = 6F3C29982836DB2A00193D39 /* Preview Assets.xcassets */; };
		6F3C29A32836DB2B00193D39 /* weatherAppTests.swift in Sources */ = {isa = PBXBuildFile; fileRef = 6F3C29A22836DB2B00193D39 /* weatherAppTests.swift */; };
		6F3C29AD2836DB2B00193D39 /* weatherAppUITests.swift in Sources */ = {isa = PBXBuildFile; fileRef = 6F3C29AC2836DB2B00193D39 /* weatherAppUITests.swift */; };
		6F3C29AF2836DB2B00193D39 /* weatherAppUITestsLaunchTests.swift in Sources */ = {isa = PBXBuildFile; fileRef = 6F3C29AE2836DB2B00193D39 /* weatherAppUITestsLaunchTests.swift */; };
		6F598DE62836DC860025100F /* location.swift in Sources */ = {isa = PBXBuildFile; fileRef = 6F598DE52836DC860025100F /* location.swift */; };
		6F598DEC2836DFC20025100F /* WelcomeView.swift in Sources */ = {isa = PBXBuildFile; fileRef = 6F598DEB2836DFC20025100F /* WelcomeView.swift */; };
		6FCF825F284951E0004C91A9 /* WeatherView.swift in Sources */ = {isa = PBXBuildFile; fileRef = 6FCF825E284951E0004C91A9 /* WeatherView.swift */; };
		6FCF82612849528D004C91A9 /* ModelData.swift in Sources */ = {isa = PBXBuildFile; fileRef = 6FCF82602849528C004C91A9 /* ModelData.swift */; };
		6FCF8263284952CD004C91A9 /* weatherData.json in Resources */ = {isa = PBXBuildFile; fileRef = 6FCF8262284952CD004C91A9 /* weatherData.json */; };
		6FCF8267284955F3004C91A9 /* Extensions.swift in Sources */ = {isa = PBXBuildFile; fileRef = 6FCF8266284955F3004C91A9 /* Extensions.swift */; };
		6FDDD4002838368600CAFABE /* LoadingView.swift in Sources */ = {isa = PBXBuildFile; fileRef = 6FDDD3FF2838368600CAFABE /* LoadingView.swift */; };
/* End PBXBuildFile section */

/* Begin PBXContainerItemProxy section */
		6F3C299F2836DB2B00193D39 /* PBXContainerItemProxy */ = {
			isa = PBXContainerItemProxy;
			containerPortal = 6F3C29862836DB2A00193D39 /* Project object */;
			proxyType = 1;
			remoteGlobalIDString = 6F3C298D2836DB2A00193D39;
			remoteInfo = weatherApp;
		};
		6F3C29A92836DB2B00193D39 /* PBXContainerItemProxy */ = {
			isa = PBXContainerItemProxy;
			containerPortal = 6F3C29862836DB2A00193D39 /* Project object */;
			proxyType = 1;
			remoteGlobalIDString = 6F3C298D2836DB2A00193D39;
			remoteInfo = weatherApp;
		};
/* End PBXContainerItemProxy section */

/* Begin PBXFileReference section */
		6F31AC692836E653006B3C21 /* weather.swift */ = {isa = PBXFileReference; lastKnownFileType = sourcecode.swift; path = weather.swift; sourceTree = "<group>"; };
		6F3C298E2836DB2A00193D39 /* weatherApp.app */ = {isa = PBXFileReference; explicitFileType = wrapper.application; includeInIndex = 0; path = weatherApp.app; sourceTree = BUILT_PRODUCTS_DIR; };
		6F3C29912836DB2A00193D39 /* weatherAppApp.swift */ = {isa = PBXFileReference; lastKnownFileType = sourcecode.swift; path = weatherAppApp.swift; sourceTree = "<group>"; };
		6F3C29932836DB2A00193D39 /* ContentView.swift */ = {isa = PBXFileReference; lastKnownFileType = sourcecode.swift; path = ContentView.swift; sourceTree = "<group>"; };
		6F3C29952836DB2A00193D39 /* Assets.xcassets */ = {isa = PBXFileReference; lastKnownFileType = folder.assetcatalog; path = Assets.xcassets; sourceTree = "<group>"; };
		6F3C29982836DB2A00193D39 /* Preview Assets.xcassets */ = {isa = PBXFileReference; lastKnownFileType = folder.assetcatalog; path = "Preview Assets.xcassets"; sourceTree = "<group>"; };
		6F3C299E2836DB2B00193D39 /* weatherAppTests.xctest */ = {isa = PBXFileReference; explicitFileType = wrapper.cfbundle; includeInIndex = 0; path = weatherAppTests.xctest; sourceTree = BUILT_PRODUCTS_DIR; };
		6F3C29A22836DB2B00193D39 /* weatherAppTests.swift */ = {isa = PBXFileReference; lastKnownFileType = sourcecode.swift; path = weatherAppTests.swift; sourceTree = "<group>"; };
		6F3C29A82836DB2B00193D39 /* weatherAppUITests.xctest */ = {isa = PBXFileReference; explicitFileType = wrapper.cfbundle; includeInIndex = 0; path = weatherAppUITests.xctest; sourceTree = BUILT_PRODUCTS_DIR; };
		6F3C29AC2836DB2B00193D39 /* weatherAppUITests.swift */ = {isa = PBXFileReference; lastKnownFileType = sourcecode.swift; path = weatherAppUITests.swift; sourceTree = "<group>"; };
		6F3C29AE2836DB2B00193D39 /* weatherAppUITestsLaunchTests.swift */ = {isa = PBXFileReference; lastKnownFileType = sourcecode.swift; path = weatherAppUITestsLaunchTests.swift; sourceTree = "<group>"; };
		6F598DE52836DC860025100F /* location.swift */ = {isa = PBXFileReference; lastKnownFileType = sourcecode.swift; path = location.swift; sourceTree = "<group>"; };
		6F598DEB2836DFC20025100F /* WelcomeView.swift */ = {isa = PBXFileReference; lastKnownFileType = sourcecode.swift; path = WelcomeView.swift; sourceTree = "<group>"; };
		6FCF825E284951E0004C91A9 /* WeatherView.swift */ = {isa = PBXFileReference; lastKnownFileType = sourcecode.swift; path = WeatherView.swift; sourceTree = "<group>"; };
		6FCF82602849528C004C91A9 /* ModelData.swift */ = {isa = PBXFileReference; lastKnownFileType = sourcecode.swift; path = ModelData.swift; sourceTree = "<group>"; };
		6FCF8262284952CD004C91A9 /* weatherData.json */ = {isa = PBXFileReference; lastKnownFileType = text.json; path = weatherData.json; sourceTree = "<group>"; };
		6FCF8266284955F3004C91A9 /* Extensions.swift */ = {isa = PBXFileReference; lastKnownFileType = sourcecode.swift; path = Extensions.swift; sourceTree = "<group>"; };
		6FDDD3FF2838368600CAFABE /* LoadingView.swift */ = {isa = PBXFileReference; lastKnownFileType = sourcecode.swift; path = LoadingView.swift; sourceTree = "<group>"; };
/* End PBXFileReference section */

/* Begin PBXFrameworksBuildPhase section */
		6F3C298B2836DB2A00193D39 /* Frameworks */ = {
			isa = PBXFrameworksBuildPhase;
			buildActionMask = 2147483647;
			files = (
			);
			runOnlyForDeploymentPostprocessing = 0;
		};
		6F3C299B2836DB2B00193D39 /* Frameworks */ = {
			isa = PBXFrameworksBuildPhase;
			buildActionMask = 2147483647;
			files = (
			);
			runOnlyForDeploymentPostprocessing = 0;
		};
		6F3C29A52836DB2B00193D39 /* Frameworks */ = {
			isa = PBXFrameworksBuildPhase;
			buildActionMask = 2147483647;
			files = (
			);
			runOnlyForDeploymentPostprocessing = 0;
		};
/* End PBXFrameworksBuildPhase section */

/* Begin PBXGroup section */
		6F3C29852836DB2A00193D39 = {
			isa = PBXGroup;
			children = (
				6F3C29902836DB2A00193D39 /* weatherApp */,
				6F3C29A12836DB2B00193D39 /* weatherAppTests */,
				6F3C29AB2836DB2B00193D39 /* weatherAppUITests */,
				6F3C298F2836DB2A00193D39 /* Products */,
			);
			sourceTree = "<group>";
		};
		6F3C298F2836DB2A00193D39 /* Products */ = {
			isa = PBXGroup;
			children = (
				6F3C298E2836DB2A00193D39 /* weatherApp.app */,
				6F3C299E2836DB2B00193D39 /* weatherAppTests.xctest */,
				6F3C29A82836DB2B00193D39 /* weatherAppUITests.xctest */,
			);
			name = Products;
			sourceTree = "<group>";
		};
		6F3C29902836DB2A00193D39 /* weatherApp */ = {
			isa = PBXGroup;
			children = (
				6F3C29912836DB2A00193D39 /* weatherAppApp.swift */,
				6F598DE82836DD510025100F /* Views */,
				6F598DE72836DC910025100F /* Managers */,
				6FCF8266284955F3004C91A9 /* Extensions.swift */,
				6F3C29952836DB2A00193D39 /* Assets.xcassets */,
				6F3C29972836DB2A00193D39 /* Preview Content */,
			);
			path = weatherApp;
			sourceTree = "<group>";
		};
		6F3C29972836DB2A00193D39 /* Preview Content */ = {
			isa = PBXGroup;
			children = (
				6F3C29982836DB2A00193D39 /* Preview Assets.xcassets */,
				6FCF82602849528C004C91A9 /* ModelData.swift */,
				6FCF8262284952CD004C91A9 /* weatherData.json */,
			);
			path = "Preview Content";
			sourceTree = "<group>";
		};
		6F3C29A12836DB2B00193D39 /* weatherAppTests */ = {
			isa = PBXGroup;
			children = (
				6F3C29A22836DB2B00193D39 /* weatherAppTests.swift */,
			);
			path = weatherAppTests;
			sourceTree = "<group>";
		};
		6F3C29AB2836DB2B00193D39 /* weatherAppUITests */ = {
			isa = PBXGroup;
			children = (
				6F3C29AC2836DB2B00193D39 /* weatherAppUITests.swift */,
				6F3C29AE2836DB2B00193D39 /* weatherAppUITestsLaunchTests.swift */,
			);
			path = weatherAppUITests;
			sourceTree = "<group>";
		};
		6F598DE72836DC910025100F /* Managers */ = {
			isa = PBXGroup;
			children = (
				6F598DE52836DC860025100F /* location.swift */,
				6F31AC692836E653006B3C21 /* weather.swift */,
			);
			path = Managers;
			sourceTree = "<group>";
		};
		6F598DE82836DD510025100F /* Views */ = {
			isa = PBXGroup;
			children = (
				6F3C29932836DB2A00193D39 /* ContentView.swift */,
				6F598DEB2836DFC20025100F /* WelcomeView.swift */,
				6FDDD3FF2838368600CAFABE /* LoadingView.swift */,
				6FCF825E284951E0004C91A9 /* WeatherView.swift */,
			);
			path = Views;
			sourceTree = "<group>";
		};
/* End PBXGroup section */

/* Begin PBXNativeTarget section */
		6F3C298D2836DB2A00193D39 /* weatherApp */ = {
			isa = PBXNativeTarget;
			buildConfigurationList = 6F3C29B22836DB2B00193D39 /* Build configuration list for PBXNativeTarget "weatherApp" */;
			buildPhases = (
				6F3C298A2836DB2A00193D39 /* Sources */,
				6F3C298B2836DB2A00193D39 /* Frameworks */,
				6F3C298C2836DB2A00193D39 /* Resources */,
			);
			buildRules = (
			);
			dependencies = (
			);
			name = weatherApp;
			productName = weatherApp;
			productReference = 6F3C298E2836DB2A00193D39 /* weatherApp.app */;
			productType = "com.apple.product-type.application";
		};
		6F3C299D2836DB2B00193D39 /* weatherAppTests */ = {
			isa = PBXNativeTarget;
			buildConfigurationList = 6F3C29B52836DB2B00193D39 /* Build configuration list for PBXNativeTarget "weatherAppTests" */;
			buildPhases = (
				6F3C299A2836DB2B00193D39 /* Sources */,
				6F3C299B2836DB2B00193D39 /* Frameworks */,
				6F3C299C2836DB2B00193D39 /* Resources */,
			);
			buildRules = (
			);
			dependencies = (
				6F3C29A02836DB2B00193D39 /* PBXTargetDependency */,
			);
			name = weatherAppTests;
			productName = weatherAppTests;
			productReference = 6F3C299E2836DB2B00193D39 /* weatherAppTests.xctest */;
			productType = "com.apple.product-type.bundle.unit-test";
		};
		6F3C29A72836DB2B00193D39 /* weatherAppUITests */ = {
			isa = PBXNativeTarget;
			buildConfigurationList = 6F3C29B82836DB2B00193D39 /* Build configuration list for PBXNativeTarget "weatherAppUITests" */;
			buildPhases = (
				6F3C29A42836DB2B00193D39 /* Sources */,
				6F3C29A52836DB2B00193D39 /* Frameworks */,
				6F3C29A62836DB2B00193D39 /* Resources */,
			);
			buildRules = (
			);
			dependencies = (
				6F3C29AA2836DB2B00193D39 /* PBXTargetDependency */,
			);
			name = weatherAppUITests;
			productName = weatherAppUITests;
			productReference = 6F3C29A82836DB2B00193D39 /* weatherAppUITests.xctest */;
			productType = "com.apple.product-type.bundle.ui-testing";
		};
/* End PBXNativeTarget section */

/* Begin PBXProject section */
		6F3C29862836DB2A00193D39 /* Project object */ = {
			isa = PBXProject;
			attributes = {
				BuildIndependentTargetsInParallel = 1;
				LastSwiftUpdateCheck = 1330;
				LastUpgradeCheck = 1330;
				TargetAttributes = {
					6F3C298D2836DB2A00193D39 = {
						CreatedOnToolsVersion = 13.3.1;
					};
					6F3C299D2836DB2B00193D39 = {
						CreatedOnToolsVersion = 13.3.1;
						TestTargetID = 6F3C298D2836DB2A00193D39;
					};
					6F3C29A72836DB2B00193D39 = {
						CreatedOnToolsVersion = 13.3.1;
						TestTargetID = 6F3C298D2836DB2A00193D39;
					};
				};
			};
			buildConfigurationList = 6F3C29892836DB2A00193D39 /* Build configuration list for PBXProject "weatherApp" */;
			compatibilityVersion = "Xcode 13.0";
			developmentRegion = en;
			hasScannedForEncodings = 0;
			knownRegions = (
				en,
				Base,
			);
			mainGroup = 6F3C29852836DB2A00193D39;
			productRefGroup = 6F3C298F2836DB2A00193D39 /* Products */;
			projectDirPath = "";
			projectRoot = "";
			targets = (
				6F3C298D2836DB2A00193D39 /* weatherApp */,
				6F3C299D2836DB2B00193D39 /* weatherAppTests */,
				6F3C29A72836DB2B00193D39 /* weatherAppUITests */,
			);
		};
/* End PBXProject section */

/* Begin PBXResourcesBuildPhase section */
		6F3C298C2836DB2A00193D39 /* Resources */ = {
			isa = PBXResourcesBuildPhase;
			buildActionMask = 2147483647;
			files = (
				6F3C29992836DB2A00193D39 /* Preview Assets.xcassets in Resources */,
				6FCF8263284952CD004C91A9 /* weatherData.json in Resources */,
				6F3C29962836DB2A00193D39 /* Assets.xcassets in Resources */,
			);
			runOnlyForDeploymentPostprocessing = 0;
		};
		6F3C299C2836DB2B00193D39 /* Resources */ = {
			isa = PBXResourcesBuildPhase;
			buildActionMask = 2147483647;
			files = (
			);
			runOnlyForDeploymentPostprocessing = 0;
		};
		6F3C29A62836DB2B00193D39 /* Resources */ = {
			isa = PBXResourcesBuildPhase;
			buildActionMask = 2147483647;
			files = (
			);
			runOnlyForDeploymentPostprocessing = 0;
		};
/* End PBXResourcesBuildPhase section */

/* Begin PBXSourcesBuildPhase section */
		6F3C298A2836DB2A00193D39 /* Sources */ = {
			isa = PBXSourcesBuildPhase;
			buildActionMask = 2147483647;
			files = (
				6F31AC6A2836E653006B3C21 /* weather.swift in Sources */,
				6F598DE62836DC860025100F /* location.swift in Sources */,
				6F3C29942836DB2A00193D39 /* ContentView.swift in Sources */,
				6F3C29922836DB2A00193D39 /* weatherAppApp.swift in Sources */,
				6FCF8267284955F3004C91A9 /* Extensions.swift in Sources */,
				6F598DEC2836DFC20025100F /* WelcomeView.swift in Sources */,
				6FCF82612849528D004C91A9 /* ModelData.swift in Sources */,
				6FCF825F284951E0004C91A9 /* WeatherView.swift in Sources */,
				6FDDD4002838368600CAFABE /* LoadingView.swift in Sources */,
			);
			runOnlyForDeploymentPostprocessing = 0;
		};
		6F3C299A2836DB2B00193D39 /* Sources */ = {
			isa = PBXSourcesBuildPhase;
			buildActionMask = 2147483647;
			files = (
				6F3C29A32836DB2B00193D39 /* weatherAppTests.swift in Sources */,
			);
			runOnlyForDeploymentPostprocessing = 0;
		};
		6F3C29A42836DB2B00193D39 /* Sources */ = {
			isa = PBXSourcesBuildPhase;
			buildActionMask = 2147483647;
			files = (
				6F3C29AD2836DB2B00193D39 /* weatherAppUITests.swift in Sources */,
				6F3C29AF2836DB2B00193D39 /* weatherAppUITestsLaunchTests.swift in Sources */,
			);
			runOnlyForDeploymentPostprocessing = 0;
		};
/* End PBXSourcesBuildPhase section */

/* Begin PBXTargetDependency section */
		6F3C29A02836DB2B00193D39 /* PBXTargetDependency */ = {
			isa = PBXTargetDependency;
			target = 6F3C298D2836DB2A00193D39 /* weatherApp */;
			targetProxy = 6F3C299F2836DB2B00193D39 /* PBXContainerItemProxy */;
		};
		6F3C29AA2836DB2B00193D39 /* PBXTargetDependency */ = {
			isa = PBXTargetDependency;
			target = 6F3C298D2836DB2A00193D39 /* weatherApp */;
			targetProxy = 6F3C29A92836DB2B00193D39 /* PBXContainerItemProxy */;
		};
/* End PBXTargetDependency section */

/* Begin XCBuildConfiguration section */
		6F3C29B02836DB2B00193D39 /* Debug */ = {
			isa = XCBuildConfiguration;
			buildSettings = {
				ALWAYS_SEARCH_USER_PATHS = NO;
				CLANG_ANALYZER_NONNULL = YES;
				CLANG_ANALYZER_NUMBER_OBJECT_CONVERSION = YES_AGGRESSIVE;
				CLANG_CXX_LANGUAGE_STANDARD = "gnu++17";
				CLANG_ENABLE_MODULES = YES;
				CLANG_ENABLE_OBJC_ARC = YES;
				CLANG_ENABLE_OBJC_WEAK = YES;
				CLANG_WARN_BLOCK_CAPTURE_AUTORELEASING = YES;
				CLANG_WARN_BOOL_CONVERSION = YES;
				CLANG_WARN_COMMA = YES;
				CLANG_WARN_CONSTANT_CONVERSION = YES;
				CLANG_WARN_DEPRECATED_OBJC_IMPLEMENTATIONS = YES;
				CLANG_WARN_DIRECT_OBJC_ISA_USAGE = YES_ERROR;
				CLANG_WARN_DOCUMENTATION_COMMENTS = YES;
				CLANG_WARN_EMPTY_BODY = YES;
				CLANG_WARN_ENUM_CONVERSION = YES;
				CLANG_WARN_INFINITE_RECURSION = YES;
				CLANG_WARN_INT_CONVERSION = YES;
				CLANG_WARN_NON_LITERAL_NULL_CONVERSION = YES;
				CLANG_WARN_OBJC_IMPLICIT_RETAIN_SELF = YES;
				CLANG_WARN_OBJC_LITERAL_CONVERSION = YES;
				CLANG_WARN_OBJC_ROOT_CLASS = YES_ERROR;
				CLANG_WARN_QUOTED_INCLUDE_IN_FRAMEWORK_HEADER = YES;
				CLANG_WARN_RANGE_LOOP_ANALYSIS = YES;
				CLANG_WARN_STRICT_PROTOTYPES = YES;
				CLANG_WARN_SUSPICIOUS_MOVE = YES;
				CLANG_WARN_UNGUARDED_AVAILABILITY = YES_AGGRESSIVE;
				CLANG_WARN_UNREACHABLE_CODE = YES;
				CLANG_WARN__DUPLICATE_METHOD_MATCH = YES;
				COPY_PHASE_STRIP = NO;
				DEBUG_INFORMATION_FORMAT = dwarf;
				ENABLE_STRICT_OBJC_MSGSEND = YES;
				ENABLE_TESTABILITY = YES;
				GCC_C_LANGUAGE_STANDARD = gnu11;
				GCC_DYNAMIC_NO_PIC = NO;
				GCC_NO_COMMON_BLOCKS = YES;
				GCC_OPTIMIZATION_LEVEL = 0;
				GCC_PREPROCESSOR_DEFINITIONS = (
					"DEBUG=1",
					"$(inherited)",
				);
				GCC_WARN_64_TO_32_BIT_CONVERSION = YES;
				GCC_WARN_ABOUT_RETURN_TYPE = YES_ERROR;
				GCC_WARN_UNDECLARED_SELECTOR = YES;
				GCC_WARN_UNINITIALIZED_AUTOS = YES_AGGRESSIVE;
				GCC_WARN_UNUSED_FUNCTION = YES;
				GCC_WARN_UNUSED_VARIABLE = YES;
				IPHONEOS_DEPLOYMENT_TARGET = 15.4;
				MTL_ENABLE_DEBUG_INFO = INCLUDE_SOURCE;
				MTL_FAST_MATH = YES;
				ONLY_ACTIVE_ARCH = YES;
				SDKROOT = iphoneos;
				SWIFT_ACTIVE_COMPILATION_CONDITIONS = DEBUG;
				SWIFT_OPTIMIZATION_LEVEL = "-Onone";
			};
			name = Debug;
		};
		6F3C29B12836DB2B00193D39 /* Release */ = {
			isa = XCBuildConfiguration;
			buildSettings = {
				ALWAYS_SEARCH_USER_PATHS = NO;
				CLANG_ANALYZER_NONNULL = YES;
				CLANG_ANALYZER_NUMBER_OBJECT_CONVERSION = YES_AGGRESSIVE;
				CLANG_CXX_LANGUAGE_STANDARD = "gnu++17";
				CLANG_ENABLE_MODULES = YES;
				CLANG_ENABLE_OBJC_ARC = YES;
				CLANG_ENABLE_OBJC_WEAK = YES;
				CLANG_WARN_BLOCK_CAPTURE_AUTORELEASING = YES;
				CLANG_WARN_BOOL_CONVERSION = YES;
				CLANG_WARN_COMMA = YES;
				CLANG_WARN_CONSTANT_CONVERSION = YES;
				CLANG_WARN_DEPRECATED_OBJC_IMPLEMENTATIONS = YES;
				CLANG_WARN_DIRECT_OBJC_ISA_USAGE = YES_ERROR;
				CLANG_WARN_DOCUMENTATION_COMMENTS = YES;
				CLANG_WARN_EMPTY_BODY = YES;
				CLANG_WARN_ENUM_CONVERSION = YES;
				CLANG_WARN_INFINITE_RECURSION = YES;
				CLANG_WARN_INT_CONVERSION = YES;
				CLANG_WARN_NON_LITERAL_NULL_CONVERSION = YES;
				CLANG_WARN_OBJC_IMPLICIT_RETAIN_SELF = YES;
				CLANG_WARN_OBJC_LITERAL_CONVERSION = YES;
				CLANG_WARN_OBJC_ROOT_CLASS = YES_ERROR;
				CLANG_WARN_QUOTED_INCLUDE_IN_FRAMEWORK_HEADER = YES;
				CLANG_WARN_RANGE_LOOP_ANALYSIS = YES;
				CLANG_WARN_STRICT_PROTOTYPES = YES;
				CLANG_WARN_SUSPICIOUS_MOVE = YES;
				CLANG_WARN_UNGUARDED_AVAILABILITY = YES_AGGRESSIVE;
				CLANG_WARN_UNREACHABLE_CODE = YES;
				CLANG_WARN__DUPLICATE_METHOD_MATCH = YES;
				COPY_PHASE_STRIP = NO;
				DEBUG_INFORMATION_FORMAT = "dwarf-with-dsym";
				ENABLE_NS_ASSERTIONS = NO;
				ENABLE_STRICT_OBJC_MSGSEND = YES;
				GCC_C_LANGUAGE_STANDARD = gnu11;
				GCC_NO_COMMON_BLOCKS = YES;
				GCC_WARN_64_TO_32_BIT_CONVERSION = YES;
				GCC_WARN_ABOUT_RETURN_TYPE = YES_ERROR;
				GCC_WARN_UNDECLARED_SELECTOR = YES;
				GCC_WARN_UNINITIALIZED_AUTOS = YES_AGGRESSIVE;
				GCC_WARN_UNUSED_FUNCTION = YES;
				GCC_WARN_UNUSED_VARIABLE = YES;
				IPHONEOS_DEPLOYMENT_TARGET = 15.4;
				MTL_ENABLE_DEBUG_INFO = NO;
				MTL_FAST_MATH = YES;
				SDKROOT = iphoneos;
				SWIFT_COMPILATION_MODE = wholemodule;
				SWIFT_OPTIMIZATION_LEVEL = "-O";
				VALIDATE_PRODUCT = YES;
			};
			name = Release;
		};
		6F3C29B32836DB2B00193D39 /* Debug */ = {
			isa = XCBuildConfiguration;
			buildSettings = {
				ASSETCATALOG_COMPILER_APPICON_NAME = AppIcon;
				ASSETCATALOG_COMPILER_GLOBAL_ACCENT_COLOR_NAME = AccentColor;
				CODE_SIGN_STYLE = Automatic;
				CURRENT_PROJECT_VERSION = 1;
				DEVELOPMENT_ASSET_PATHS = "\"weatherApp/Preview Content\"";
				ENABLE_PREVIEWS = YES;
				GENERATE_INFOPLIST_FILE = YES;
				INFOPLIST_KEY_UIApplicationSceneManifest_Generation = YES;
				INFOPLIST_KEY_UIApplicationSupportsIndirectInputEvents = YES;
				INFOPLIST_KEY_UILaunchScreen_Generation = YES;
				INFOPLIST_KEY_UISupportedInterfaceOrientations_iPad = "UIInterfaceOrientationPortrait UIInterfaceOrientationPortraitUpsideDown UIInterfaceOrientationLandscapeLeft UIInterfaceOrientationLandscapeRight";
				INFOPLIST_KEY_UISupportedInterfaceOrientations_iPhone = "UIInterfaceOrientationPortrait UIInterfaceOrientationLandscapeLeft UIInterfaceOrientationLandscapeRight";
				IPHONEOS_DEPLOYMENT_TARGET = 15.4;
				LD_RUNPATH_SEARCH_PATHS = (
					"$(inherited)",
					"@executable_path/Frameworks",
				);
				MARKETING_VERSION = 1.0;
				PRODUCT_BUNDLE_IDENTIFIER = CalvinN.weatherApp;
				PRODUCT_NAME = "$(TARGET_NAME)";
				SWIFT_EMIT_LOC_STRINGS = YES;
				SWIFT_VERSION = 5.0;
				TARGETED_DEVICE_FAMILY = "1,2";
			};
			name = Debug;
		};
		6F3C29B42836DB2B00193D39 /* Release */ = {
			isa = XCBuildConfiguration;
			buildSettings = {
				ASSETCATALOG_COMPILER_APPICON_NAME = AppIcon;
				ASSETCATALOG_COMPILER_GLOBAL_ACCENT_COLOR_NAME = AccentColor;
				CODE_SIGN_STYLE = Automatic;
				CURRENT_PROJECT_VERSION = 1;
				DEVELOPMENT_ASSET_PATHS = "\"weatherApp/Preview Content\"";
				ENABLE_PREVIEWS = YES;
				GENERATE_INFOPLIST_FILE = YES;
				INFOPLIST_KEY_UIApplicationSceneManifest_Generation = YES;
				INFOPLIST_KEY_UIApplicationSupportsIndirectInputEvents = YES;
				INFOPLIST_KEY_UILaunchScreen_Generation = YES;
				INFOPLIST_KEY_UISupportedInterfaceOrientations_iPad = "UIInterfaceOrientationPortrait UIInterfaceOrientationPortraitUpsideDown UIInterfaceOrientationLandscapeLeft UIInterfaceOrientationLandscapeRight";
				INFOPLIST_KEY_UISupportedInterfaceOrientations_iPhone = "UIInterfaceOrientationPortrait UIInterfaceOrientationLandscapeLeft UIInterfaceOrientationLandscapeRight";
				IPHONEOS_DEPLOYMENT_TARGET = 15.4;
				LD_RUNPATH_SEARCH_PATHS = (
					"$(inherited)",
					"@executable_path/Frameworks",
				);
				MARKETING_VERSION = 1.0;
				PRODUCT_BUNDLE_IDENTIFIER = CalvinN.weatherApp;
				PRODUCT_NAME = "$(TARGET_NAME)";
				SWIFT_EMIT_LOC_STRINGS = YES;
				SWIFT_VERSION = 5.0;
				TARGETED_DEVICE_FAMILY = "1,2";
			};
			name = Release;
		};
		6F3C29B62836DB2B00193D39 /* Debug */ = {
			isa = XCBuildConfiguration;
			buildSettings = {
				ALWAYS_EMBED_SWIFT_STANDARD_LIBRARIES = YES;
				BUNDLE_LOADER = "$(TEST_HOST)";
				CODE_SIGN_STYLE = Automatic;
				CURRENT_PROJECT_VERSION = 1;
				GENERATE_INFOPLIST_FILE = YES;
				IPHONEOS_DEPLOYMENT_TARGET = 15.4;
				MARKETING_VERSION = 1.0;
				PRODUCT_BUNDLE_IDENTIFIER = CalvinN.weatherAppTests;
				PRODUCT_NAME = "$(TARGET_NAME)";
				SWIFT_EMIT_LOC_STRINGS = NO;
				SWIFT_VERSION = 5.0;
				TARGETED_DEVICE_FAMILY = "1,2";
				TEST_HOST = "$(BUILT_PRODUCTS_DIR)/weatherApp.app/weatherApp";
			};
			name = Debug;
		};
		6F3C29B72836DB2B00193D39 /* Release */ = {
			isa = XCBuildConfiguration;
			buildSettings = {
				ALWAYS_EMBED_SWIFT_STANDARD_LIBRARIES = YES;
				BUNDLE_LOADER = "$(TEST_HOST)";
				CODE_SIGN_STYLE = Automatic;
				CURRENT_PROJECT_VERSION = 1;
				GENERATE_INFOPLIST_FILE = YES;
				IPHONEOS_DEPLOYMENT_TARGET = 15.4;
				MARKETING_VERSION = 1.0;
				PRODUCT_BUNDLE_IDENTIFIER = CalvinN.weatherAppTests;
				PRODUCT_NAME = "$(TARGET_NAME)";
				SWIFT_EMIT_LOC_STRINGS = NO;
				SWIFT_VERSION = 5.0;
				TARGETED_DEVICE_FAMILY = "1,2";
				TEST_HOST = "$(BUILT_PRODUCTS_DIR)/weatherApp.app/weatherApp";
			};
			name = Release;
		};
		6F3C29B92836DB2B00193D39 /* Debug */ = {
			isa = XCBuildConfiguration;
			buildSettings = {
				ALWAYS_EMBED_SWIFT_STANDARD_LIBRARIES = YES;
				CODE_SIGN_STYLE = Automatic;
				CURRENT_PROJECT_VERSION = 1;
				GENERATE_INFOPLIST_FILE = YES;
				MARKETING_VERSION = 1.0;
				PRODUCT_BUNDLE_IDENTIFIER = CalvinN.weatherAppUITests;
				PRODUCT_NAME = "$(TARGET_NAME)";
				SWIFT_EMIT_LOC_STRINGS = NO;
				SWIFT_VERSION = 5.0;
				TARGETED_DEVICE_FAMILY = "1,2";
				TEST_TARGET_NAME = weatherApp;
			};
			name = Debug;
		};
		6F3C29BA2836DB2B00193D39 /* Release */ = {
			isa = XCBuildConfiguration;
			buildSettings = {
				ALWAYS_EMBED_SWIFT_STANDARD_LIBRARIES = YES;
				CODE_SIGN_STYLE = Automatic;
				CURRENT_PROJECT_VERSION = 1;
				GENERATE_INFOPLIST_FILE = YES;
				MARKETING_VERSION = 1.0;
				PRODUCT_BUNDLE_IDENTIFIER = CalvinN.weatherAppUITests;
				PRODUCT_NAME = "$(TARGET_NAME)";
				SWIFT_EMIT_LOC_STRINGS = NO;
				SWIFT_VERSION = 5.0;
				TARGETED_DEVICE_FAMILY = "1,2";
				TEST_TARGET_NAME = weatherApp;
			};
			name = Release;
		};
/* End XCBuildConfiguration section */

/* Begin XCConfigurationList section */
		6F3C29892836DB2A00193D39 /* Build configuration list for PBXProject "weatherApp" */ = {
			isa = XCConfigurationList;
			buildConfigurations = (
				6F3C29B02836DB2B00193D39 /* Debug */,
				6F3C29B12836DB2B00193D39 /* Release */,
			);
			defaultConfigurationIsVisible = 0;
			defaultConfigurationName = Release;
		};
		6F3C29B22836DB2B00193D39 /* Build configuration list for PBXNativeTarget "weatherApp" */ = {
			isa = XCConfigurationList;
			buildConfigurations = (
				6F3C29B32836DB2B00193D39 /* Debug */,
				6F3C29B42836DB2B00193D39 /* Release */,
			);
			defaultConfigurationIsVisible = 0;
			defaultConfigurationName = Release;
		};
		6F3C29B52836DB2B00193D39 /* Build configuration list for PBXNativeTarget "weatherAppTests" */ = {
			isa = XCConfigurationList;
			buildConfigurations = (
				6F3C29B62836DB2B00193D39 /* Debug */,
				6F3C29B72836DB2B00193D39 /* Release */,
			);
			defaultConfigurationIsVisible = 0;
			defaultConfigurationName = Release;
		};
		6F3C29B82836DB2B00193D39 /* Build configuration list for PBXNativeTarget "weatherAppUITests" */ = {
			isa = XCConfigurationList;
			buildConfigurations = (
				6F3C29B92836DB2B00193D39 /* Debug */,
				6F3C29BA2836DB2B00193D39 /* Release */,
			);
			defaultConfigurationIsVisible = 0;
			defaultConfigurationName = Release;
		};
/* End XCConfigurationList section */
	};
	rootObject = 6F3C29862836DB2A00193D39 /* Project object */;
}
